
Microsoft Visual Studio Solution File, Format Version 12.00
# Visual Studio 15
Project("{FAE04EC0-301F-11D3-BF4B-00C04F79EFBC}") = "DatingApp.API", "DatingApp.API.csproj", "{D5DF1D54-EF35-4458-BE3B-8E06DAB9138C}"
EndProject
Global
	GlobalSection(SolutionConfigurationPlatforms) = preSolution
		Debug|Any CPU = Debug|Any CPU
		Release|Any CPU = Release|Any CPU
	EndGlobalSection
	GlobalSection(ProjectConfigurationPlatforms) = postSolution
		{D5DF1D54-EF35-4458-BE3B-8E06DAB9138C}.Debug|Any CPU.ActiveCfg = Debug|Any CPU
		{D5DF1D54-EF35-4458-BE3B-8E06DAB9138C}.Debug|Any CPU.Build.0 = Debug|Any CPU
		{D5DF1D54-EF35-4458-BE3B-8E06DAB9138C}.Release|Any CPU.ActiveCfg = Release|Any CPU
		{D5DF1D54-EF35-4458-BE3B-8E06DAB9138C}.Release|Any CPU.Build.0 = Release|Any CPU
	EndGlobalSection
EndGlobal
